// !$*UTF8*$!
{
	archiveVersion = 1;
	classes = {
	};
	objectVersion = 56;
	objects = {

/* Begin PBXBuildFile section */
		659750F729C4EF0200CF7990 /* .gitignore in Resources */ = {isa = PBXBuildFile; fileRef = 659750F629C4EF0200CF7990 /* .gitignore */; };
		85A1CCB729C81E600031EC23 /* NavigationScreenView.swift in Sources */ = {isa = PBXBuildFile; fileRef = 85A1CCB629C81E600031EC23 /* NavigationScreenView.swift */; };
		967FF45E29930CBE005EB8BC /* UniversityGeocachingApp.swift in Sources */ = {isa = PBXBuildFile; fileRef = 967FF45D29930CBE005EB8BC /* UniversityGeocachingApp.swift */; };
		967FF46029930CBE005EB8BC /* ContentView.swift in Sources */ = {isa = PBXBuildFile; fileRef = 967FF45F29930CBE005EB8BC /* ContentView.swift */; };
		967FF46229930CC2005EB8BC /* Assets.xcassets in Resources */ = {isa = PBXBuildFile; fileRef = 967FF46129930CC2005EB8BC /* Assets.xcassets */; };
		967FF46529930CC2005EB8BC /* Preview Assets.xcassets in Resources */ = {isa = PBXBuildFile; fileRef = 967FF46429930CC2005EB8BC /* Preview Assets.xcassets */; };
		967FF46F29930CC3005EB8BC /* UniversityGeocachingTests.swift in Sources */ = {isa = PBXBuildFile; fileRef = 967FF46E29930CC3005EB8BC /* UniversityGeocachingTests.swift */; };
		967FF47929930CC3005EB8BC /* UniversityGeocachingUITests.swift in Sources */ = {isa = PBXBuildFile; fileRef = 967FF47829930CC3005EB8BC /* UniversityGeocachingUITests.swift */; };
		967FF47B29930CC3005EB8BC /* UniversityGeocachingUITestsLaunchTests.swift in Sources */ = {isa = PBXBuildFile; fileRef = 967FF47A29930CC3005EB8BC /* UniversityGeocachingUITestsLaunchTests.swift */; };
		96AFCF1B29C122ED00FC1489 /* CreateQuestView.swift in Sources */ = {isa = PBXBuildFile; fileRef = 96AFCF1A29C122ED00FC1489 /* CreateQuestView.swift */; };
		96AFCF1C29C122ED00FC1489 /* CreateQuestView.swift in Sources */ = {isa = PBXBuildFile; fileRef = 96AFCF1A29C122ED00FC1489 /* CreateQuestView.swift */; };
		96AFCF1D29C122ED00FC1489 /* CreateQuestView.swift in Sources */ = {isa = PBXBuildFile; fileRef = 96AFCF1A29C122ED00FC1489 /* CreateQuestView.swift */; };
		96DA87D429959DC300284CBE /* NearbyQuestView.swift in Sources */ = {isa = PBXBuildFile; fileRef = 96DA87D329959DC300284CBE /* NearbyQuestView.swift */; };
		96DA87D529959DC300284CBE /* NearbyQuestView.swift in Sources */ = {isa = PBXBuildFile; fileRef = 96DA87D329959DC300284CBE /* NearbyQuestView.swift */; };
		96DA87D629959DC300284CBE /* NearbyQuestView.swift in Sources */ = {isa = PBXBuildFile; fileRef = 96DA87D329959DC300284CBE /* NearbyQuestView.swift */; };
		96DA87DC29959EDE00284CBE /* PastQuestView.swift in Sources */ = {isa = PBXBuildFile; fileRef = 96DA87DB29959EDE00284CBE /* PastQuestView.swift */; };
		96DA87DD29959EDE00284CBE /* PastQuestView.swift in Sources */ = {isa = PBXBuildFile; fileRef = 96DA87DB29959EDE00284CBE /* PastQuestView.swift */; };
		96DA87DE29959EDE00284CBE /* PastQuestView.swift in Sources */ = {isa = PBXBuildFile; fileRef = 96DA87DB29959EDE00284CBE /* PastQuestView.swift */; };
		96DA87E029959EEC00284CBE /* UserSettingsView.swift in Sources */ = {isa = PBXBuildFile; fileRef = 96DA87DF29959EEC00284CBE /* UserSettingsView.swift */; };
		96DA87E129959EEC00284CBE /* UserSettingsView.swift in Sources */ = {isa = PBXBuildFile; fileRef = 96DA87DF29959EEC00284CBE /* UserSettingsView.swift */; };
		96DA87E229959EEC00284CBE /* UserSettingsView.swift in Sources */ = {isa = PBXBuildFile; fileRef = 96DA87DF29959EEC00284CBE /* UserSettingsView.swift */; };
		96DA87E6299C499A00284CBE /* DiscoverKnauss.swift in Sources */ = {isa = PBXBuildFile; fileRef = 96DA87E5299C499A00284CBE /* DiscoverKnauss.swift */; };
		96DA87E7299C499A00284CBE /* DiscoverKnauss.swift in Sources */ = {isa = PBXBuildFile; fileRef = 96DA87E5299C499A00284CBE /* DiscoverKnauss.swift */; };
		96DA87E8299C499A00284CBE /* DiscoverKnauss.swift in Sources */ = {isa = PBXBuildFile; fileRef = 96DA87E5299C499A00284CBE /* DiscoverKnauss.swift */; };
		96DA87EA299C501600284CBE /* CampusCafes.swift in Sources */ = {isa = PBXBuildFile; fileRef = 96DA87E9299C501600284CBE /* CampusCafes.swift */; };
		96DA87EB299C501600284CBE /* CampusCafes.swift in Sources */ = {isa = PBXBuildFile; fileRef = 96DA87E9299C501600284CBE /* CampusCafes.swift */; };
		96DA87EC299C501600284CBE /* CampusCafes.swift in Sources */ = {isa = PBXBuildFile; fileRef = 96DA87E9299C501600284CBE /* CampusCafes.swift */; };
		96DA87EE29A5864800284CBE /* SignIn.swift in Sources */ = {isa = PBXBuildFile; fileRef = 96DA87ED29A5864800284CBE /* SignIn.swift */; };
		96DA87EF29A5864800284CBE /* SignIn.swift in Sources */ = {isa = PBXBuildFile; fileRef = 96DA87ED29A5864800284CBE /* SignIn.swift */; };
		96DA87F029A5864800284CBE /* SignIn.swift in Sources */ = {isa = PBXBuildFile; fileRef = 96DA87ED29A5864800284CBE /* SignIn.swift */; };
/* End PBXBuildFile section */

/* Begin PBXContainerItemProxy section */
		967FF46B29930CC3005EB8BC /* PBXContainerItemProxy */ = {
			isa = PBXContainerItemProxy;
			containerPortal = 967FF45229930CBE005EB8BC /* Project object */;
			proxyType = 1;
			remoteGlobalIDString = 967FF45929930CBE005EB8BC;
			remoteInfo = UniversityGeocaching;
		};
		967FF47529930CC3005EB8BC /* PBXContainerItemProxy */ = {
			isa = PBXContainerItemProxy;
			containerPortal = 967FF45229930CBE005EB8BC /* Project object */;
			proxyType = 1;
			remoteGlobalIDString = 967FF45929930CBE005EB8BC;
			remoteInfo = UniversityGeocaching;
		};
/* End PBXContainerItemProxy section */

/* Begin PBXFileReference section */
		659750F629C4EF0200CF7990 /* .gitignore */ = {isa = PBXFileReference; fileEncoding = 4; lastKnownFileType = text; path = .gitignore; sourceTree = SOURCE_ROOT; };
		85A1CCB629C81E600031EC23 /* NavigationScreenView.swift */ = {isa = PBXFileReference; lastKnownFileType = sourcecode.swift; path = NavigationScreenView.swift; sourceTree = "<group>"; };
		967FF45A29930CBE005EB8BC /* UniversityGeocaching.app */ = {isa = PBXFileReference; explicitFileType = wrapper.application; includeInIndex = 0; path = UniversityGeocaching.app; sourceTree = BUILT_PRODUCTS_DIR; };
		967FF45D29930CBE005EB8BC /* UniversityGeocachingApp.swift */ = {isa = PBXFileReference; lastKnownFileType = sourcecode.swift; path = UniversityGeocachingApp.swift; sourceTree = "<group>"; };
		967FF45F29930CBE005EB8BC /* ContentView.swift */ = {isa = PBXFileReference; lastKnownFileType = sourcecode.swift; path = ContentView.swift; sourceTree = "<group>"; };
		967FF46129930CC2005EB8BC /* Assets.xcassets */ = {isa = PBXFileReference; lastKnownFileType = folder.assetcatalog; path = Assets.xcassets; sourceTree = "<group>"; };
		967FF46429930CC2005EB8BC /* Preview Assets.xcassets */ = {isa = PBXFileReference; lastKnownFileType = folder.assetcatalog; path = "Preview Assets.xcassets"; sourceTree = "<group>"; };
		967FF46A29930CC3005EB8BC /* UniversityGeocachingTests.xctest */ = {isa = PBXFileReference; explicitFileType = wrapper.cfbundle; includeInIndex = 0; path = UniversityGeocachingTests.xctest; sourceTree = BUILT_PRODUCTS_DIR; };
		967FF46E29930CC3005EB8BC /* UniversityGeocachingTests.swift */ = {isa = PBXFileReference; lastKnownFileType = sourcecode.swift; path = UniversityGeocachingTests.swift; sourceTree = "<group>"; };
		967FF47429930CC3005EB8BC /* UniversityGeocachingUITests.xctest */ = {isa = PBXFileReference; explicitFileType = wrapper.cfbundle; includeInIndex = 0; path = UniversityGeocachingUITests.xctest; sourceTree = BUILT_PRODUCTS_DIR; };
		967FF47829930CC3005EB8BC /* UniversityGeocachingUITests.swift */ = {isa = PBXFileReference; lastKnownFileType = sourcecode.swift; path = UniversityGeocachingUITests.swift; sourceTree = "<group>"; };
		967FF47A29930CC3005EB8BC /* UniversityGeocachingUITestsLaunchTests.swift */ = {isa = PBXFileReference; lastKnownFileType = sourcecode.swift; path = UniversityGeocachingUITestsLaunchTests.swift; sourceTree = "<group>"; };
		96AFCF1A29C122ED00FC1489 /* CreateQuestView.swift */ = {isa = PBXFileReference; lastKnownFileType = sourcecode.swift; path = CreateQuestView.swift; sourceTree = "<group>"; };
		96DA87D329959DC300284CBE /* NearbyQuestView.swift */ = {isa = PBXFileReference; lastKnownFileType = sourcecode.swift; path = NearbyQuestView.swift; sourceTree = "<group>"; };
		96DA87DB29959EDE00284CBE /* PastQuestView.swift */ = {isa = PBXFileReference; lastKnownFileType = sourcecode.swift; path = PastQuestView.swift; sourceTree = "<group>"; };
		96DA87DF29959EEC00284CBE /* UserSettingsView.swift */ = {isa = PBXFileReference; lastKnownFileType = sourcecode.swift; path = UserSettingsView.swift; sourceTree = "<group>"; };
		96DA87E5299C499A00284CBE /* DiscoverKnauss.swift */ = {isa = PBXFileReference; lastKnownFileType = sourcecode.swift; path = DiscoverKnauss.swift; sourceTree = "<group>"; };
		96DA87E9299C501600284CBE /* CampusCafes.swift */ = {isa = PBXFileReference; lastKnownFileType = sourcecode.swift; path = CampusCafes.swift; sourceTree = "<group>"; };
		96DA87ED29A5864800284CBE /* SignIn.swift */ = {isa = PBXFileReference; lastKnownFileType = sourcecode.swift; path = SignIn.swift; sourceTree = "<group>"; };
/* End PBXFileReference section */

/* Begin PBXFrameworksBuildPhase section */
		967FF45729930CBE005EB8BC /* Frameworks */ = {
			isa = PBXFrameworksBuildPhase;
			buildActionMask = 2147483647;
			files = (
			);
			runOnlyForDeploymentPostprocessing = 0;
		};
		967FF46729930CC3005EB8BC /* Frameworks */ = {
			isa = PBXFrameworksBuildPhase;
			buildActionMask = 2147483647;
			files = (
			);
			runOnlyForDeploymentPostprocessing = 0;
		};
		967FF47129930CC3005EB8BC /* Frameworks */ = {
			isa = PBXFrameworksBuildPhase;
			buildActionMask = 2147483647;
			files = (
			);
			runOnlyForDeploymentPostprocessing = 0;
		};
/* End PBXFrameworksBuildPhase section */

/* Begin PBXGroup section */
		967FF45129930CBE005EB8BC = {
			isa = PBXGroup;
			children = (
				967FF45C29930CBE005EB8BC /* UniversityGeocaching */,
				967FF46D29930CC3005EB8BC /* UniversityGeocachingTests */,
				967FF47729930CC3005EB8BC /* UniversityGeocachingUITests */,
				967FF45B29930CBE005EB8BC /* Products */,
			);
			sourceTree = "<group>";
		};
		967FF45B29930CBE005EB8BC /* Products */ = {
			isa = PBXGroup;
			children = (
				967FF45A29930CBE005EB8BC /* UniversityGeocaching.app */,
				967FF46A29930CC3005EB8BC /* UniversityGeocachingTests.xctest */,
				967FF47429930CC3005EB8BC /* UniversityGeocachingUITests.xctest */,
			);
			name = Products;
			sourceTree = "<group>";
		};
		967FF45C29930CBE005EB8BC /* UniversityGeocaching */ = {
			isa = PBXGroup;
			children = (
				659750F629C4EF0200CF7990 /* .gitignore */,
				967FF45D29930CBE005EB8BC /* UniversityGeocachingApp.swift */,
				967FF45F29930CBE005EB8BC /* ContentView.swift */,
				96DA87ED29A5864800284CBE /* SignIn.swift */,
				96DA87E4299C497B00284CBE /* Caches */,
				96DA87E329959F4E00284CBE /* Navigation */,
				967FF46129930CC2005EB8BC /* Assets.xcassets */,
				967FF46329930CC2005EB8BC /* Preview Content */,
			);
			path = UniversityGeocaching;
			sourceTree = "<group>";
		};
		967FF46329930CC2005EB8BC /* Preview Content */ = {
			isa = PBXGroup;
			children = (
				967FF46429930CC2005EB8BC /* Preview Assets.xcassets */,
			);
			path = "Preview Content";
			sourceTree = "<group>";
		};
		967FF46D29930CC3005EB8BC /* UniversityGeocachingTests */ = {
			isa = PBXGroup;
			children = (
				967FF46E29930CC3005EB8BC /* UniversityGeocachingTests.swift */,
			);
			path = UniversityGeocachingTests;
			sourceTree = "<group>";
		};
		967FF47729930CC3005EB8BC /* UniversityGeocachingUITests */ = {
			isa = PBXGroup;
			children = (
				967FF47829930CC3005EB8BC /* UniversityGeocachingUITests.swift */,
				967FF47A29930CC3005EB8BC /* UniversityGeocachingUITestsLaunchTests.swift */,
			);
			path = UniversityGeocachingUITests;
			sourceTree = "<group>";
		};
		96DA87E329959F4E00284CBE /* Navigation */ = {
			isa = PBXGroup;
			children = (
				96AFCF1A29C122ED00FC1489 /* CreateQuestView.swift */,
				96DA87D329959DC300284CBE /* NearbyQuestView.swift */,
				96DA87DB29959EDE00284CBE /* PastQuestView.swift */,
				96DA87DF29959EEC00284CBE /* UserSettingsView.swift */,
				85A1CCB629C81E600031EC23 /* NavigationScreenView.swift */,
			);
			path = Navigation;
			sourceTree = "<group>";
		};
		96DA87E4299C497B00284CBE /* Caches */ = {
			isa = PBXGroup;
			children = (
				96DA87E5299C499A00284CBE /* DiscoverKnauss.swift */,
				96DA87E9299C501600284CBE /* CampusCafes.swift */,
			);
			path = Caches;
			sourceTree = "<group>";
		};
/* End PBXGroup section */

/* Begin PBXNativeTarget section */
		967FF45929930CBE005EB8BC /* UniversityGeocaching */ = {
			isa = PBXNativeTarget;
			buildConfigurationList = 967FF47E29930CC3005EB8BC /* Build configuration list for PBXNativeTarget "UniversityGeocaching" */;
			buildPhases = (
				967FF45629930CBE005EB8BC /* Sources */,
				967FF45729930CBE005EB8BC /* Frameworks */,
				967FF45829930CBE005EB8BC /* Resources */,
			);
			buildRules = (
			);
			dependencies = (
			);
			name = UniversityGeocaching;
			productName = UniversityGeocaching;
			productReference = 967FF45A29930CBE005EB8BC /* UniversityGeocaching.app */;
			productType = "com.apple.product-type.application";
		};
		967FF46929930CC3005EB8BC /* UniversityGeocachingTests */ = {
			isa = PBXNativeTarget;
			buildConfigurationList = 967FF48129930CC3005EB8BC /* Build configuration list for PBXNativeTarget "UniversityGeocachingTests" */;
			buildPhases = (
				967FF46629930CC3005EB8BC /* Sources */,
				967FF46729930CC3005EB8BC /* Frameworks */,
				967FF46829930CC3005EB8BC /* Resources */,
			);
			buildRules = (
			);
			dependencies = (
				967FF46C29930CC3005EB8BC /* PBXTargetDependency */,
			);
			name = UniversityGeocachingTests;
			productName = UniversityGeocachingTests;
			productReference = 967FF46A29930CC3005EB8BC /* UniversityGeocachingTests.xctest */;
			productType = "com.apple.product-type.bundle.unit-test";
		};
		967FF47329930CC3005EB8BC /* UniversityGeocachingUITests */ = {
			isa = PBXNativeTarget;
			buildConfigurationList = 967FF48429930CC3005EB8BC /* Build configuration list for PBXNativeTarget "UniversityGeocachingUITests" */;
			buildPhases = (
				967FF47029930CC3005EB8BC /* Sources */,
				967FF47129930CC3005EB8BC /* Frameworks */,
				967FF47229930CC3005EB8BC /* Resources */,
			);
			buildRules = (
			);
			dependencies = (
				967FF47629930CC3005EB8BC /* PBXTargetDependency */,
			);
			name = UniversityGeocachingUITests;
			productName = UniversityGeocachingUITests;
			productReference = 967FF47429930CC3005EB8BC /* UniversityGeocachingUITests.xctest */;
			productType = "com.apple.product-type.bundle.ui-testing";
		};
/* End PBXNativeTarget section */

/* Begin PBXProject section */
		967FF45229930CBE005EB8BC /* Project object */ = {
			isa = PBXProject;
			attributes = {
				BuildIndependentTargetsInParallel = 1;
				LastSwiftUpdateCheck = 1420;
				LastUpgradeCheck = 1420;
				TargetAttributes = {
					967FF45929930CBE005EB8BC = {
						CreatedOnToolsVersion = 14.2;
					};
					967FF46929930CC3005EB8BC = {
						CreatedOnToolsVersion = 14.2;
						TestTargetID = 967FF45929930CBE005EB8BC;
					};
					967FF47329930CC3005EB8BC = {
						CreatedOnToolsVersion = 14.2;
						TestTargetID = 967FF45929930CBE005EB8BC;
					};
				};
			};
			buildConfigurationList = 967FF45529930CBE005EB8BC /* Build configuration list for PBXProject "UniversityGeocaching" */;
			compatibilityVersion = "Xcode 14.0";
			developmentRegion = en;
			hasScannedForEncodings = 0;
			knownRegions = (
				en,
				Base,
			);
			mainGroup = 967FF45129930CBE005EB8BC;
			productRefGroup = 967FF45B29930CBE005EB8BC /* Products */;
			projectDirPath = "";
			projectRoot = "";
			targets = (
				967FF45929930CBE005EB8BC /* UniversityGeocaching */,
				967FF46929930CC3005EB8BC /* UniversityGeocachingTests */,
				967FF47329930CC3005EB8BC /* UniversityGeocachingUITests */,
			);
		};
/* End PBXProject section */

/* Begin PBXResourcesBuildPhase section */
		967FF45829930CBE005EB8BC /* Resources */ = {
			isa = PBXResourcesBuildPhase;
			buildActionMask = 2147483647;
			files = (
				967FF46529930CC2005EB8BC /* Preview Assets.xcassets in Resources */,
				659750F729C4EF0200CF7990 /* .gitignore in Resources */,
				967FF46229930CC2005EB8BC /* Assets.xcassets in Resources */,
			);
			runOnlyForDeploymentPostprocessing = 0;
		};
		967FF46829930CC3005EB8BC /* Resources */ = {
			isa = PBXResourcesBuildPhase;
			buildActionMask = 2147483647;
			files = (
			);
			runOnlyForDeploymentPostprocessing = 0;
		};
		967FF47229930CC3005EB8BC /* Resources */ = {
			isa = PBXResourcesBuildPhase;
			buildActionMask = 2147483647;
			files = (
			);
			runOnlyForDeploymentPostprocessing = 0;
		};
/* End PBXResourcesBuildPhase section */

/* Begin PBXSourcesBuildPhase section */
		967FF45629930CBE005EB8BC /* Sources */ = {
			isa = PBXSourcesBuildPhase;
			buildActionMask = 2147483647;
			files = (
				96DA87E6299C499A00284CBE /* DiscoverKnauss.swift in Sources */,
				96DA87EE29A5864800284CBE /* SignIn.swift in Sources */,
				96DA87DC29959EDE00284CBE /* PastQuestView.swift in Sources */,
				967FF46029930CBE005EB8BC /* ContentView.swift in Sources */,
				85A1CCB729C81E600031EC23 /* NavigationScreenView.swift in Sources */,
				967FF45E29930CBE005EB8BC /* UniversityGeocachingApp.swift in Sources */,
				96DA87D429959DC300284CBE /* NearbyQuestView.swift in Sources */,
				96DA87E029959EEC00284CBE /* UserSettingsView.swift in Sources */,
				96DA87EA299C501600284CBE /* CampusCafes.swift in Sources */,
				96AFCF1B29C122ED00FC1489 /* CreateQuestView.swift in Sources */,
			);
			runOnlyForDeploymentPostprocessing = 0;
		};
		967FF46629930CC3005EB8BC /* Sources */ = {
			isa = PBXSourcesBuildPhase;
			buildActionMask = 2147483647;
			files = (
				96DA87E129959EEC00284CBE /* UserSettingsView.swift in Sources */,
				96DA87D529959DC300284CBE /* NearbyQuestView.swift in Sources */,
				96DA87EB299C501600284CBE /* CampusCafes.swift in Sources */,
				96AFCF1C29C122ED00FC1489 /* CreateQuestView.swift in Sources */,
				967FF46F29930CC3005EB8BC /* UniversityGeocachingTests.swift in Sources */,
				96DA87DD29959EDE00284CBE /* PastQuestView.swift in Sources */,
				96DA87E7299C499A00284CBE /* DiscoverKnauss.swift in Sources */,
				96DA87EF29A5864800284CBE /* SignIn.swift in Sources */,
			);
			runOnlyForDeploymentPostprocessing = 0;
		};
		967FF47029930CC3005EB8BC /* Sources */ = {
			isa = PBXSourcesBuildPhase;
			buildActionMask = 2147483647;
			files = (
				96DA87E8299C499A00284CBE /* DiscoverKnauss.swift in Sources */,
				96DA87F029A5864800284CBE /* SignIn.swift in Sources */,
				96DA87DE29959EDE00284CBE /* PastQuestView.swift in Sources */,
				967FF47B29930CC3005EB8BC /* UniversityGeocachingUITestsLaunchTests.swift in Sources */,
				967FF47929930CC3005EB8BC /* UniversityGeocachingUITests.swift in Sources */,
				96DA87D629959DC300284CBE /* NearbyQuestView.swift in Sources */,
				96DA87E229959EEC00284CBE /* UserSettingsView.swift in Sources */,
				96DA87EC299C501600284CBE /* CampusCafes.swift in Sources */,
				96AFCF1D29C122ED00FC1489 /* CreateQuestView.swift in Sources */,
			);
			runOnlyForDeploymentPostprocessing = 0;
		};
/* End PBXSourcesBuildPhase section */

/* Begin PBXTargetDependency section */
		967FF46C29930CC3005EB8BC /* PBXTargetDependency */ = {
			isa = PBXTargetDependency;
			target = 967FF45929930CBE005EB8BC /* UniversityGeocaching */;
			targetProxy = 967FF46B29930CC3005EB8BC /* PBXContainerItemProxy */;
		};
		967FF47629930CC3005EB8BC /* PBXTargetDependency */ = {
			isa = PBXTargetDependency;
			target = 967FF45929930CBE005EB8BC /* UniversityGeocaching */;
			targetProxy = 967FF47529930CC3005EB8BC /* PBXContainerItemProxy */;
		};
/* End PBXTargetDependency section */

/* Begin XCBuildConfiguration section */
		967FF47C29930CC3005EB8BC /* Debug */ = {
			isa = XCBuildConfiguration;
			buildSettings = {
				ALWAYS_SEARCH_USER_PATHS = NO;
				CLANG_ANALYZER_NONNULL = YES;
				CLANG_ANALYZER_NUMBER_OBJECT_CONVERSION = YES_AGGRESSIVE;
				CLANG_CXX_LANGUAGE_STANDARD = "gnu++20";
				CLANG_ENABLE_MODULES = YES;
				CLANG_ENABLE_OBJC_ARC = YES;
				CLANG_ENABLE_OBJC_WEAK = YES;
				CLANG_WARN_BLOCK_CAPTURE_AUTORELEASING = YES;
				CLANG_WARN_BOOL_CONVERSION = YES;
				CLANG_WARN_COMMA = YES;
				CLANG_WARN_CONSTANT_CONVERSION = YES;
				CLANG_WARN_DEPRECATED_OBJC_IMPLEMENTATIONS = YES;
				CLANG_WARN_DIRECT_OBJC_ISA_USAGE = YES_ERROR;
				CLANG_WARN_DOCUMENTATION_COMMENTS = YES;
				CLANG_WARN_EMPTY_BODY = YES;
				CLANG_WARN_ENUM_CONVERSION = YES;
				CLANG_WARN_INFINITE_RECURSION = YES;
				CLANG_WARN_INT_CONVERSION = YES;
				CLANG_WARN_NON_LITERAL_NULL_CONVERSION = YES;
				CLANG_WARN_OBJC_IMPLICIT_RETAIN_SELF = YES;
				CLANG_WARN_OBJC_LITERAL_CONVERSION = YES;
				CLANG_WARN_OBJC_ROOT_CLASS = YES_ERROR;
				CLANG_WARN_QUOTED_INCLUDE_IN_FRAMEWORK_HEADER = YES;
				CLANG_WARN_RANGE_LOOP_ANALYSIS = YES;
				CLANG_WARN_STRICT_PROTOTYPES = YES;
				CLANG_WARN_SUSPICIOUS_MOVE = YES;
				CLANG_WARN_UNGUARDED_AVAILABILITY = YES_AGGRESSIVE;
				CLANG_WARN_UNREACHABLE_CODE = YES;
				CLANG_WARN__DUPLICATE_METHOD_MATCH = YES;
				COPY_PHASE_STRIP = NO;
				DEBUG_INFORMATION_FORMAT = dwarf;
				ENABLE_STRICT_OBJC_MSGSEND = YES;
				ENABLE_TESTABILITY = YES;
				GCC_C_LANGUAGE_STANDARD = gnu11;
				GCC_DYNAMIC_NO_PIC = NO;
				GCC_NO_COMMON_BLOCKS = YES;
				GCC_OPTIMIZATION_LEVEL = 0;
				GCC_PREPROCESSOR_DEFINITIONS = (
					"DEBUG=1",
					"$(inherited)",
				);
				GCC_WARN_64_TO_32_BIT_CONVERSION = YES;
				GCC_WARN_ABOUT_RETURN_TYPE = YES_ERROR;
				GCC_WARN_UNDECLARED_SELECTOR = YES;
				GCC_WARN_UNINITIALIZED_AUTOS = YES_AGGRESSIVE;
				GCC_WARN_UNUSED_FUNCTION = YES;
				GCC_WARN_UNUSED_VARIABLE = YES;
				IPHONEOS_DEPLOYMENT_TARGET = 16.2;
				MTL_ENABLE_DEBUG_INFO = INCLUDE_SOURCE;
				MTL_FAST_MATH = YES;
				ONLY_ACTIVE_ARCH = YES;
				SDKROOT = iphoneos;
				SWIFT_ACTIVE_COMPILATION_CONDITIONS = DEBUG;
				SWIFT_OPTIMIZATION_LEVEL = "-Onone";
			};
			name = Debug;
		};
		967FF47D29930CC3005EB8BC /* Release */ = {
			isa = XCBuildConfiguration;
			buildSettings = {
				ALWAYS_SEARCH_USER_PATHS = NO;
				CLANG_ANALYZER_NONNULL = YES;
				CLANG_ANALYZER_NUMBER_OBJECT_CONVERSION = YES_AGGRESSIVE;
				CLANG_CXX_LANGUAGE_STANDARD = "gnu++20";
				CLANG_ENABLE_MODULES = YES;
				CLANG_ENABLE_OBJC_ARC = YES;
				CLANG_ENABLE_OBJC_WEAK = YES;
				CLANG_WARN_BLOCK_CAPTURE_AUTORELEASING = YES;
				CLANG_WARN_BOOL_CONVERSION = YES;
				CLANG_WARN_COMMA = YES;
				CLANG_WARN_CONSTANT_CONVERSION = YES;
				CLANG_WARN_DEPRECATED_OBJC_IMPLEMENTATIONS = YES;
				CLANG_WARN_DIRECT_OBJC_ISA_USAGE = YES_ERROR;
				CLANG_WARN_DOCUMENTATION_COMMENTS = YES;
				CLANG_WARN_EMPTY_BODY = YES;
				CLANG_WARN_ENUM_CONVERSION = YES;
				CLANG_WARN_INFINITE_RECURSION = YES;
				CLANG_WARN_INT_CONVERSION = YES;
				CLANG_WARN_NON_LITERAL_NULL_CONVERSION = YES;
				CLANG_WARN_OBJC_IMPLICIT_RETAIN_SELF = YES;
				CLANG_WARN_OBJC_LITERAL_CONVERSION = YES;
				CLANG_WARN_OBJC_ROOT_CLASS = YES_ERROR;
				CLANG_WARN_QUOTED_INCLUDE_IN_FRAMEWORK_HEADER = YES;
				CLANG_WARN_RANGE_LOOP_ANALYSIS = YES;
				CLANG_WARN_STRICT_PROTOTYPES = YES;
				CLANG_WARN_SUSPICIOUS_MOVE = YES;
				CLANG_WARN_UNGUARDED_AVAILABILITY = YES_AGGRESSIVE;
				CLANG_WARN_UNREACHABLE_CODE = YES;
				CLANG_WARN__DUPLICATE_METHOD_MATCH = YES;
				COPY_PHASE_STRIP = NO;
				DEBUG_INFORMATION_FORMAT = "dwarf-with-dsym";
				ENABLE_NS_ASSERTIONS = NO;
				ENABLE_STRICT_OBJC_MSGSEND = YES;
				GCC_C_LANGUAGE_STANDARD = gnu11;
				GCC_NO_COMMON_BLOCKS = YES;
				GCC_WARN_64_TO_32_BIT_CONVERSION = YES;
				GCC_WARN_ABOUT_RETURN_TYPE = YES_ERROR;
				GCC_WARN_UNDECLARED_SELECTOR = YES;
				GCC_WARN_UNINITIALIZED_AUTOS = YES_AGGRESSIVE;
				GCC_WARN_UNUSED_FUNCTION = YES;
				GCC_WARN_UNUSED_VARIABLE = YES;
				IPHONEOS_DEPLOYMENT_TARGET = 16.2;
				MTL_ENABLE_DEBUG_INFO = NO;
				MTL_FAST_MATH = YES;
				SDKROOT = iphoneos;
				SWIFT_COMPILATION_MODE = wholemodule;
				SWIFT_OPTIMIZATION_LEVEL = "-O";
				VALIDATE_PRODUCT = YES;
			};
			name = Release;
		};
		967FF47F29930CC3005EB8BC /* Debug */ = {
			isa = XCBuildConfiguration;
			buildSettings = {
				ASSETCATALOG_COMPILER_APPICON_NAME = AppIcon;
				ASSETCATALOG_COMPILER_GLOBAL_ACCENT_COLOR_NAME = AccentColor;
				CODE_SIGN_STYLE = Automatic;
				CURRENT_PROJECT_VERSION = 1;
				DEVELOPMENT_ASSET_PATHS = "\"UniversityGeocaching/Preview Content\"";
				ENABLE_PREVIEWS = YES;
				GENERATE_INFOPLIST_FILE = YES;
				INFOPLIST_KEY_UIApplicationSceneManifest_Generation = YES;
				INFOPLIST_KEY_UIApplicationSupportsIndirectInputEvents = YES;
				INFOPLIST_KEY_UILaunchScreen_Generation = YES;
				INFOPLIST_KEY_UISupportedInterfaceOrientations_iPad = "UIInterfaceOrientationPortrait UIInterfaceOrientationPortraitUpsideDown UIInterfaceOrientationLandscapeLeft UIInterfaceOrientationLandscapeRight";
				INFOPLIST_KEY_UISupportedInterfaceOrientations_iPhone = "UIInterfaceOrientationPortrait UIInterfaceOrientationLandscapeLeft UIInterfaceOrientationLandscapeRight";
				LD_RUNPATH_SEARCH_PATHS = (
					"$(inherited)",
					"@executable_path/Frameworks",
				);
				MARKETING_VERSION = 1.0;
				PRODUCT_BUNDLE_IDENTIFIER = TiaMerheb.UniversityGeocaching;
				PRODUCT_NAME = "$(TARGET_NAME)";
				SWIFT_EMIT_LOC_STRINGS = YES;
				SWIFT_VERSION = 5.0;
				TARGETED_DEVICE_FAMILY = "1,2";
			};
			name = Debug;
		};
		967FF48029930CC3005EB8BC /* Release */ = {
			isa = XCBuildConfiguration;
			buildSettings = {
				ASSETCATALOG_COMPILER_APPICON_NAME = AppIcon;
				ASSETCATALOG_COMPILER_GLOBAL_ACCENT_COLOR_NAME = AccentColor;
				CODE_SIGN_STYLE = Automatic;
				CURRENT_PROJECT_VERSION = 1;
				DEVELOPMENT_ASSET_PATHS = "\"UniversityGeocaching/Preview Content\"";
				ENABLE_PREVIEWS = YES;
				GENERATE_INFOPLIST_FILE = YES;
				INFOPLIST_KEY_UIApplicationSceneManifest_Generation = YES;
				INFOPLIST_KEY_UIApplicationSupportsIndirectInputEvents = YES;
				INFOPLIST_KEY_UILaunchScreen_Generation = YES;
				INFOPLIST_KEY_UISupportedInterfaceOrientations_iPad = "UIInterfaceOrientationPortrait UIInterfaceOrientationPortraitUpsideDown UIInterfaceOrientationLandscapeLeft UIInterfaceOrientationLandscapeRight";
				INFOPLIST_KEY_UISupportedInterfaceOrientations_iPhone = "UIInterfaceOrientationPortrait UIInterfaceOrientationLandscapeLeft UIInterfaceOrientationLandscapeRight";
				LD_RUNPATH_SEARCH_PATHS = (
					"$(inherited)",
					"@executable_path/Frameworks",
				);
				MARKETING_VERSION = 1.0;
				PRODUCT_BUNDLE_IDENTIFIER = TiaMerheb.UniversityGeocaching;
				PRODUCT_NAME = "$(TARGET_NAME)";
				SWIFT_EMIT_LOC_STRINGS = YES;
				SWIFT_VERSION = 5.0;
				TARGETED_DEVICE_FAMILY = "1,2";
			};
			name = Release;
		};
		967FF48229930CC3005EB8BC /* Debug */ = {
			isa = XCBuildConfiguration;
			buildSettings = {
				ALWAYS_EMBED_SWIFT_STANDARD_LIBRARIES = YES;
				BUNDLE_LOADER = "$(TEST_HOST)";
				CODE_SIGN_STYLE = Automatic;
				CURRENT_PROJECT_VERSION = 1;
				GENERATE_INFOPLIST_FILE = YES;
				IPHONEOS_DEPLOYMENT_TARGET = 16.2;
				MARKETING_VERSION = 1.0;
				PRODUCT_BUNDLE_IDENTIFIER = TiaMerheb.UniversityGeocachingTests;
				PRODUCT_NAME = "$(TARGET_NAME)";
				SWIFT_EMIT_LOC_STRINGS = NO;
				SWIFT_VERSION = 5.0;
				TARGETED_DEVICE_FAMILY = "1,2";
				TEST_HOST = "$(BUILT_PRODUCTS_DIR)/UniversityGeocaching.app/$(BUNDLE_EXECUTABLE_FOLDER_PATH)/UniversityGeocaching";
			};
			name = Debug;
		};
		967FF48329930CC3005EB8BC /* Release */ = {
			isa = XCBuildConfiguration;
			buildSettings = {
				ALWAYS_EMBED_SWIFT_STANDARD_LIBRARIES = YES;
				BUNDLE_LOADER = "$(TEST_HOST)";
				CODE_SIGN_STYLE = Automatic;
				CURRENT_PROJECT_VERSION = 1;
				GENERATE_INFOPLIST_FILE = YES;
				IPHONEOS_DEPLOYMENT_TARGET = 16.2;
				MARKETING_VERSION = 1.0;
				PRODUCT_BUNDLE_IDENTIFIER = TiaMerheb.UniversityGeocachingTests;
				PRODUCT_NAME = "$(TARGET_NAME)";
				SWIFT_EMIT_LOC_STRINGS = NO;
				SWIFT_VERSION = 5.0;
				TARGETED_DEVICE_FAMILY = "1,2";
				TEST_HOST = "$(BUILT_PRODUCTS_DIR)/UniversityGeocaching.app/$(BUNDLE_EXECUTABLE_FOLDER_PATH)/UniversityGeocaching";
			};
			name = Release;
		};
		967FF48529930CC3005EB8BC /* Debug */ = {
			isa = XCBuildConfiguration;
			buildSettings = {
				ALWAYS_EMBED_SWIFT_STANDARD_LIBRARIES = YES;
				CODE_SIGN_STYLE = Automatic;
				CURRENT_PROJECT_VERSION = 1;
				GENERATE_INFOPLIST_FILE = YES;
				MARKETING_VERSION = 1.0;
				PRODUCT_BUNDLE_IDENTIFIER = TiaMerheb.UniversityGeocachingUITests;
				PRODUCT_NAME = "$(TARGET_NAME)";
				SWIFT_EMIT_LOC_STRINGS = NO;
				SWIFT_VERSION = 5.0;
				TARGETED_DEVICE_FAMILY = "1,2";
				TEST_TARGET_NAME = UniversityGeocaching;
			};
			name = Debug;
		};
		967FF48629930CC3005EB8BC /* Release */ = {
			isa = XCBuildConfiguration;
			buildSettings = {
				ALWAYS_EMBED_SWIFT_STANDARD_LIBRARIES = YES;
				CODE_SIGN_STYLE = Automatic;
				CURRENT_PROJECT_VERSION = 1;
				GENERATE_INFOPLIST_FILE = YES;
				MARKETING_VERSION = 1.0;
				PRODUCT_BUNDLE_IDENTIFIER = TiaMerheb.UniversityGeocachingUITests;
				PRODUCT_NAME = "$(TARGET_NAME)";
				SWIFT_EMIT_LOC_STRINGS = NO;
				SWIFT_VERSION = 5.0;
				TARGETED_DEVICE_FAMILY = "1,2";
				TEST_TARGET_NAME = UniversityGeocaching;
			};
			name = Release;
		};
/* End XCBuildConfiguration section */

/* Begin XCConfigurationList section */
		967FF45529930CBE005EB8BC /* Build configuration list for PBXProject "UniversityGeocaching" */ = {
			isa = XCConfigurationList;
			buildConfigurations = (
				967FF47C29930CC3005EB8BC /* Debug */,
				967FF47D29930CC3005EB8BC /* Release */,
			);
			defaultConfigurationIsVisible = 0;
			defaultConfigurationName = Release;
		};
		967FF47E29930CC3005EB8BC /* Build configuration list for PBXNativeTarget "UniversityGeocaching" */ = {
			isa = XCConfigurationList;
			buildConfigurations = (
				967FF47F29930CC3005EB8BC /* Debug */,
				967FF48029930CC3005EB8BC /* Release */,
			);
			defaultConfigurationIsVisible = 0;
			defaultConfigurationName = Release;
		};
		967FF48129930CC3005EB8BC /* Build configuration list for PBXNativeTarget "UniversityGeocachingTests" */ = {
			isa = XCConfigurationList;
			buildConfigurations = (
				967FF48229930CC3005EB8BC /* Debug */,
				967FF48329930CC3005EB8BC /* Release */,
			);
			defaultConfigurationIsVisible = 0;
			defaultConfigurationName = Release;
		};
		967FF48429930CC3005EB8BC /* Build configuration list for PBXNativeTarget "UniversityGeocachingUITests" */ = {
			isa = XCConfigurationList;
			buildConfigurations = (
				967FF48529930CC3005EB8BC /* Debug */,
				967FF48629930CC3005EB8BC /* Release */,
			);
			defaultConfigurationIsVisible = 0;
			defaultConfigurationName = Release;
		};
/* End XCConfigurationList section */
	};
	rootObject = 967FF45229930CBE005EB8BC /* Project object */;
}
